
Microsoft Visual Studio Solution File, Format Version 12.00
# Visual Studio 2013
VisualStudioVersion = 12.0.31101.0
MinimumVisualStudioVersion = 10.0.40219.1
Project("{FAE04EC0-301F-11D3-BF4B-00C04F79EFBC}") = "ConfigureInstallation", "ConfigureInstallation\ConfigureInstallation.csproj", "{D1C089F5-C3DB-4B4E-A5F8-705AB5BEB8DF}"
EndProject
Project("{FAE04EC0-301F-11D3-BF4B-00C04F79EFBC}") = "DatabaseUnicodeConversion", "DatabaseUnicodeConversion\DatabaseUnicodeConversion.csproj", "{2905662F-F33B-406D-9FF0-06C5C10C6E31}"
EndProject
Project("{FAE04EC0-301F-11D3-BF4B-00C04F79EFBC}") = "SQLScriptCreator", "SQLScriptCreator\SQLScriptCreator.csproj", "{9068DD94-207F-4D9B-9217-110AD6A4238B}"
EndProject
Project("{FAE04EC0-301F-11D3-BF4B-00C04F79EFBC}") = "TranslationExtractor", "TranslationExtractor\TranslationExtractor.csproj", "{5BC541A7-3DAA-41DC-9C6C-2DAF41244F62}"
EndProject
Global
	GlobalSection(SolutionConfigurationPlatforms) = preSolution
		Debug|Any CPU = Debug|Any CPU
		Release|Any CPU = Release|Any CPU
	EndGlobalSection
	GlobalSection(ProjectConfigurationPlatforms) = postSolution
		{D1C089F5-C3DB-4B4E-A5F8-705AB5BEB8DF}.Debug|Any CPU.ActiveCfg = Debug|Any CPU
		{D1C089F5-C3DB-4B4E-A5F8-705AB5BEB8DF}.Debug|Any CPU.Build.0 = Debug|Any CPU
		{D1C089F5-C3DB-4B4E-A5F8-705AB5BEB8DF}.Release|Any CPU.ActiveCfg = Release|Any CPU
		{D1C089F5-C3DB-4B4E-A5F8-705AB5BEB8DF}.Release|Any CPU.Build.0 = Release|Any CPU
		{2905662F-F33B-406D-9FF0-06C5C10C6E31}.Debug|Any CPU.ActiveCfg = Debug|Any CPU
		{2905662F-F33B-406D-9FF0-06C5C10C6E31}.Debug|Any CPU.Build.0 = Debug|Any CPU
		{2905662F-F33B-406D-9FF0-06C5C10C6E31}.Release|Any CPU.ActiveCfg = Release|Any CPU
		{2905662F-F33B-406D-9FF0-06C5C10C6E31}.Release|Any CPU.Build.0 = Release|Any CPU
		{9068DD94-207F-4D9B-9217-110AD6A4238B}.Debug|Any CPU.ActiveCfg = Debug|Any CPU
		{9068DD94-207F-4D9B-9217-110AD6A4238B}.Debug|Any CPU.Build.0 = Debug|Any CPU
		{9068DD94-207F-4D9B-9217-110AD6A4238B}.Release|Any CPU.ActiveCfg = Release|Any CPU
		{9068DD94-207F-4D9B-9217-110AD6A4238B}.Release|Any CPU.Build.0 = Release|Any CPU
		{5BC541A7-3DAA-41DC-9C6C-2DAF41244F62}.Debug|Any CPU.ActiveCfg = Debug|Any CPU
		{5BC541A7-3DAA-41DC-9C6C-2DAF41244F62}.Debug|Any CPU.Build.0 = Debug|Any CPU
		{5BC541A7-3DAA-41DC-9C6C-2DAF41244F62}.Release|Any CPU.ActiveCfg = Release|Any CPU
		{5BC541A7-3DAA-41DC-9C6C-2DAF41244F62}.Release|Any CPU.Build.0 = Release|Any CPU
	EndGlobalSection
	GlobalSection(SolutionProperties) = preSolution
		HideSolutionNode = FALSE
	EndGlobalSection
EndGlobal
