
Microsoft Visual Studio Solution File, Format Version 12.00
# Visual Studio 2013
VisualStudioVersion = 12.0.30723.0
MinimumVisualStudioVersion = 10.0.40219.1
Project("{FAE04EC0-301F-11D3-BF4B-00C04F79EFBC}") = "StressTest", "StressTest.csproj", "{BCB5B5E3-291F-475E-8200-32C918FB95C1}"
EndProject
Project("{FAE04EC0-301F-11D3-BF4B-00C04F79EFBC}") = "RegressionTests", "..\RegressionTests\RegressionTests.csproj", "{8F691179-0851-4A25-AC78-3548DD0514FA}"
EndProject
Project("{FAE04EC0-301F-11D3-BF4B-00C04F79EFBC}") = "hMailServer.Test.Infrastructure", "..\hMailServer.Test.Infrastructure\hMailServer.Test.Infrastructure.csproj", "{CBDEF4D1-5545-4693-B6DF-17D6EDE484CF}"
EndProject
Global
	GlobalSection(SolutionConfigurationPlatforms) = preSolution
		Debug|Any CPU = Debug|Any CPU
		Release|Any CPU = Release|Any CPU
	EndGlobalSection
	GlobalSection(ProjectConfigurationPlatforms) = postSolution
		{BCB5B5E3-291F-475E-8200-32C918FB95C1}.Debug|Any CPU.ActiveCfg = Debug|Any CPU
		{BCB5B5E3-291F-475E-8200-32C918FB95C1}.Debug|Any CPU.Build.0 = Debug|Any CPU
		{BCB5B5E3-291F-475E-8200-32C918FB95C1}.Release|Any CPU.ActiveCfg = Release|Any CPU
		{BCB5B5E3-291F-475E-8200-32C918FB95C1}.Release|Any CPU.Build.0 = Release|Any CPU
		{8F691179-0851-4A25-AC78-3548DD0514FA}.Debug|Any CPU.ActiveCfg = Debug|Any CPU
		{8F691179-0851-4A25-AC78-3548DD0514FA}.Debug|Any CPU.Build.0 = Debug|Any CPU
		{8F691179-0851-4A25-AC78-3548DD0514FA}.Release|Any CPU.ActiveCfg = Release|Any CPU
		{8F691179-0851-4A25-AC78-3548DD0514FA}.Release|Any CPU.Build.0 = Release|Any CPU
		{CBDEF4D1-5545-4693-B6DF-17D6EDE484CF}.Debug|Any CPU.ActiveCfg = Debug|Any CPU
		{CBDEF4D1-5545-4693-B6DF-17D6EDE484CF}.Debug|Any CPU.Build.0 = Debug|Any CPU
		{CBDEF4D1-5545-4693-B6DF-17D6EDE484CF}.Release|Any CPU.ActiveCfg = Release|Any CPU
		{CBDEF4D1-5545-4693-B6DF-17D6EDE484CF}.Release|Any CPU.Build.0 = Release|Any CPU
	EndGlobalSection
	GlobalSection(SolutionProperties) = preSolution
		HideSolutionNode = FALSE
	EndGlobalSection
EndGlobal
