
Microsoft Visual Studio Solution File, Format Version 10.00
# Visual Studio 2008
Project("{FAE04EC0-301F-11D3-BF4B-00C04F79EFBC}") = "PerformanceTest", "PerformanceTest.csproj", "{4EE7DBF5-3B1D-4C99-9B10-997D90562985}"
EndProject
Global
	GlobalSection(SolutionConfigurationPlatforms) = preSolution
		Debug|Any CPU = Debug|Any CPU
		Release|Any CPU = Release|Any CPU
	EndGlobalSection
	GlobalSection(ProjectConfigurationPlatforms) = postSolution
		{4EE7DBF5-3B1D-4C99-9B10-997D90562985}.Debug|Any CPU.ActiveCfg = Debug|Any CPU
		{4EE7DBF5-3B1D-4C99-9B10-997D90562985}.Debug|Any CPU.Build.0 = Debug|Any CPU
		{4EE7DBF5-3B1D-4C99-9B10-997D90562985}.Release|Any CPU.ActiveCfg = Release|Any CPU
		{4EE7DBF5-3B1D-4C99-9B10-997D90562985}.Release|Any CPU.Build.0 = Release|Any CPU
	EndGlobalSection
	GlobalSection(SolutionProperties) = preSolution
		HideSolutionNode = FALSE
	EndGlobalSection
EndGlobal
