
Microsoft Visual Studio Solution File, Format Version 12.00
# Visual Studio 2013
VisualStudioVersion = 12.0.30110.0
MinimumVisualStudioVersion = 10.0.40219.1
Project("{FAE04EC0-301F-11D3-BF4B-00C04F79EFBC}") = "VMWareIntegration.Common", "VMWareIntegration.Common\VMWareIntegration.Common.csproj", "{B978166A-BDD6-4364-B271-E11279647BC9}"
EndProject
Project("{FAE04EC0-301F-11D3-BF4B-00C04F79EFBC}") = "VMWareIntegration.Console", "VMWareIntegration.Console\VMWareIntegration.Console.csproj", "{4330EA2B-FA91-4725-850A-0D0992983B49}"
EndProject
Global
	GlobalSection(SolutionConfigurationPlatforms) = preSolution
		Debug|Any CPU = Debug|Any CPU
		Release|Any CPU = Release|Any CPU
	EndGlobalSection
	GlobalSection(ProjectConfigurationPlatforms) = postSolution
		{B978166A-BDD6-4364-B271-E11279647BC9}.Debug|Any CPU.ActiveCfg = Debug|Any CPU
		{B978166A-BDD6-4364-B271-E11279647BC9}.Debug|Any CPU.Build.0 = Debug|Any CPU
		{B978166A-BDD6-4364-B271-E11279647BC9}.Release|Any CPU.ActiveCfg = Release|Any CPU
		{B978166A-BDD6-4364-B271-E11279647BC9}.Release|Any CPU.Build.0 = Release|Any CPU
		{4330EA2B-FA91-4725-850A-0D0992983B49}.Debug|Any CPU.ActiveCfg = Debug|Any CPU
		{4330EA2B-FA91-4725-850A-0D0992983B49}.Debug|Any CPU.Build.0 = Debug|Any CPU
		{4330EA2B-FA91-4725-850A-0D0992983B49}.Release|Any CPU.ActiveCfg = Release|Any CPU
		{4330EA2B-FA91-4725-850A-0D0992983B49}.Release|Any CPU.Build.0 = Release|Any CPU
	EndGlobalSection
	GlobalSection(SolutionProperties) = preSolution
		HideSolutionNode = FALSE
	EndGlobalSection
EndGlobal
