
Microsoft Visual Studio Solution File, Format Version 10.00
# Visual Studio 2008
Project("{FAE04EC0-301F-11D3-BF4B-00C04F79EFBC}") = "SQLScriptCreator", "SQLScriptCreator.csproj", "{9068DD94-207F-4D9B-9217-110AD6A4238B}"
EndProject
Global
	GlobalSection(SolutionConfigurationPlatforms) = preSolution
		Debug|Any CPU = Debug|Any CPU
		Release|Any CPU = Release|Any CPU
	EndGlobalSection
	GlobalSection(ProjectConfigurationPlatforms) = postSolution
		{9068DD94-207F-4D9B-9217-110AD6A4238B}.Debug|Any CPU.ActiveCfg = Debug|Any CPU
		{9068DD94-207F-4D9B-9217-110AD6A4238B}.Debug|Any CPU.Build.0 = Debug|Any CPU
		{9068DD94-207F-4D9B-9217-110AD6A4238B}.Release|Any CPU.ActiveCfg = Release|Any CPU
		{9068DD94-207F-4D9B-9217-110AD6A4238B}.Release|Any CPU.Build.0 = Release|Any CPU
	EndGlobalSection
	GlobalSection(SolutionProperties) = preSolution
		HideSolutionNode = FALSE
	EndGlobalSection
EndGlobal
