
Microsoft Visual Studio Solution File, Format Version 10.00
# Visual Studio 2008
Project("{FAE04EC0-301F-11D3-BF4B-00C04F79EFBC}") = "TranslationImporter", "TranslationImporter.csproj", "{2EBF2295-F63F-4768-B718-3CFBB55C391B}"
EndProject
Global
	GlobalSection(SolutionConfigurationPlatforms) = preSolution
		Debug|Any CPU = Debug|Any CPU
		Release|Any CPU = Release|Any CPU
	EndGlobalSection
	GlobalSection(ProjectConfigurationPlatforms) = postSolution
		{2EBF2295-F63F-4768-B718-3CFBB55C391B}.Debug|Any CPU.ActiveCfg = Debug|Any CPU
		{2EBF2295-F63F-4768-B718-3CFBB55C391B}.Debug|Any CPU.Build.0 = Debug|Any CPU
		{2EBF2295-F63F-4768-B718-3CFBB55C391B}.Release|Any CPU.ActiveCfg = Release|Any CPU
		{2EBF2295-F63F-4768-B718-3CFBB55C391B}.Release|Any CPU.Build.0 = Release|Any CPU
	EndGlobalSection
	GlobalSection(SolutionProperties) = preSolution
		HideSolutionNode = FALSE
	EndGlobalSection
EndGlobal
