
Microsoft Visual Studio Solution File, Format Version 10.00
# Visual Studio 2008
Project("{FAE04EC0-301F-11D3-BF4B-00C04F79EFBC}") = "DBSetup", "DBSetup.csproj", "{D1B37F04-8582-4E72-A261-D5BAEF3C7306}"
EndProject
Global
	GlobalSection(SolutionConfigurationPlatforms) = preSolution
		Debug|Any CPU = Debug|Any CPU
		Release|Any CPU = Release|Any CPU
	EndGlobalSection
	GlobalSection(ProjectConfigurationPlatforms) = postSolution
		{D1B37F04-8582-4E72-A261-D5BAEF3C7306}.Debug|Any CPU.ActiveCfg = Debug|Any CPU
		{D1B37F04-8582-4E72-A261-D5BAEF3C7306}.Debug|Any CPU.Build.0 = Debug|Any CPU
		{D1B37F04-8582-4E72-A261-D5BAEF3C7306}.Release|Any CPU.ActiveCfg = Release|Any CPU
		{D1B37F04-8582-4E72-A261-D5BAEF3C7306}.Release|Any CPU.Build.0 = Release|Any CPU
	EndGlobalSection
	GlobalSection(SolutionProperties) = preSolution
		HideSolutionNode = FALSE
	EndGlobalSection
EndGlobal
