
Microsoft Visual Studio Solution File, Format Version 10.00
# Visual Studio 2008
Project("{FAE04EC0-301F-11D3-BF4B-00C04F79EFBC}") = "Administrator", "Administrator.csproj", "{7306C2A6-CC3C-4312-85DB-07FD0CE8D076}"
EndProject
Global
	GlobalSection(SolutionConfigurationPlatforms) = preSolution
		Debug|Any CPU = Debug|Any CPU
		Release|Any CPU = Release|Any CPU
	EndGlobalSection
	GlobalSection(ProjectConfigurationPlatforms) = postSolution
		{7306C2A6-CC3C-4312-85DB-07FD0CE8D076}.Debug|Any CPU.ActiveCfg = Debug|Any CPU
		{7306C2A6-CC3C-4312-85DB-07FD0CE8D076}.Debug|Any CPU.Build.0 = Debug|Any CPU
		{7306C2A6-CC3C-4312-85DB-07FD0CE8D076}.Release|Any CPU.ActiveCfg = Release|Any CPU
		{7306C2A6-CC3C-4312-85DB-07FD0CE8D076}.Release|Any CPU.Build.0 = Release|Any CPU
	EndGlobalSection
	GlobalSection(SolutionProperties) = preSolution
		HideSolutionNode = FALSE
	EndGlobalSection
EndGlobal
