Microsoft Visual Studio Solution File, Format Version 10.00
# Visual Studio 2008
Project("{8BC9CEB8-8B4A-11D0-8D11-00A0C91BC942}") = "hMailServer", "hMailServer.vcproj", "{2679BEE5-8D11-4F4B-BC1A-49EEA96A3423}"
EndProject
Global
	GlobalSection(SolutionConfigurationPlatforms) = preSolution
		Debug (x64)|Win32 = Debug (x64)|Win32
		Debug|Win32 = Debug|Win32
		Release|Win32 = Release|Win32
	EndGlobalSection
	GlobalSection(ProjectConfigurationPlatforms) = postSolution
		{2679BEE5-8D11-4F4B-BC1A-49EEA96A3423}.Debug (x64)|Win32.ActiveCfg = Debug (x64)|Win32
		{2679BEE5-8D11-4F4B-BC1A-49EEA96A3423}.Debug (x64)|Win32.Build.0 = Debug (x64)|Win32
		{2679BEE5-8D11-4F4B-BC1A-49EEA96A3423}.Debug|Win32.ActiveCfg = Debug|Win32
		{2679BEE5-8D11-4F4B-BC1A-49EEA96A3423}.Debug|Win32.Build.0 = Debug|Win32
		{2679BEE5-8D11-4F4B-BC1A-49EEA96A3423}.Release|Win32.ActiveCfg = Release|Win32
		{2679BEE5-8D11-4F4B-BC1A-49EEA96A3423}.Release|Win32.Build.0 = Release|Win32
	EndGlobalSection
	GlobalSection(SolutionProperties) = preSolution
		HideSolutionNode = FALSE
	EndGlobalSection
EndGlobal
